
Microsoft Visual Studio Solution File, Format Version 12.00
# Visual Studio Version 16
VisualStudioVersion = 16.0.31129.286
MinimumVisualStudioVersion = 10.0.40219.1
Project("{FAE04EC0-301F-11D3-BF4B-00C04F79EFBC}") = "Login menu", "Login menu.csproj", "{BAFA4CC5-8BB7-4195-BB30-77F53191129A}"
EndProject
Global
	GlobalSection(SolutionConfigurationPlatforms) = preSolution
		Debug|Any CPU = Debug|Any CPU
		Release|Any CPU = Release|Any CPU
	EndGlobalSection
	GlobalSection(ProjectConfigurationPlatforms) = postSolution
		{BAFA4CC5-8BB7-4195-BB30-77F53191129A}.Debug|Any CPU.ActiveCfg = Debug|Any CPU
		{BAFA4CC5-8BB7-4195-BB30-77F53191129A}.Debug|Any CPU.Build.0 = Debug|Any CPU
		{BAFA4CC5-8BB7-4195-BB30-77F53191129A}.Release|Any CPU.ActiveCfg = Release|Any CPU
		{BAFA4CC5-8BB7-4195-BB30-77F53191129A}.Release|Any CPU.Build.0 = Release|Any CPU
	EndGlobalSection
	GlobalSection(SolutionProperties) = preSolution
		HideSolutionNode = FALSE
	EndGlobalSection
	GlobalSection(ExtensibilityGlobals) = postSolution
		SolutionGuid = {C91025CE-401C-4063-96AF-EC334CE531C9}
	EndGlobalSection
EndGlobal
